// !$*UTF8*$!
{
	archiveVersion = 1;
	classes = {
	};
	objectVersion = 46;
	objects = {

/* Begin PBXBuildFile section */
		19BDE9121A63600000C55568 /* yshell.1 in CopyFiles */ = {isa = PBXBuildFile; fileRef = 19BDE9111A63600000C55568 /* yshell.1 */; };
		19BDE9241A6361C600C55568 /* commands.cpp in Sources */ = {isa = PBXBuildFile; fileRef = 19BDE91B1A6361C600C55568 /* commands.cpp */; };
		19BDE9251A6361C600C55568 /* yshell.cpp in Sources */ = {isa = PBXBuildFile; fileRef = 19BDE91C1A6361C600C55568 /* yshell.cpp */; };
		19BDE9261A6361C600C55568 /* inode.cpp in Sources */ = {isa = PBXBuildFile; fileRef = 19BDE91E1A6361C600C55568 /* inode.cpp */; };
		19BDE9271A6361C600C55568 /* trace.cpp in Sources */ = {isa = PBXBuildFile; fileRef = 19BDE9201A6361C600C55568 /* trace.cpp */; };
		19BDE9281A6361C600C55568 /* util.cpp in Sources */ = {isa = PBXBuildFile; fileRef = 19BDE9221A6361C600C55568 /* util.cpp */; };
/* End PBXBuildFile section */

/* Begin PBXCopyFilesBuildPhase section */
		19BDE90A1A63600000C55568 /* CopyFiles */ = {
			isa = PBXCopyFilesBuildPhase;
			buildActionMask = 2147483647;
			dstPath = /usr/share/man/man1/;
			dstSubfolderSpec = 0;
			files = (
				19BDE9121A63600000C55568 /* yshell.1 in CopyFiles */,
			);
			runOnlyForDeploymentPostprocessing = 1;
		};
/* End PBXCopyFilesBuildPhase section */

/* Begin PBXFileReference section */
		19BDE90C1A63600000C55568 /* yshell */ = {isa = PBXFileReference; explicitFileType = "compiled.mach-o.executable"; includeInIndex = 0; path = yshell; sourceTree = BUILT_PRODUCTS_DIR; };
		19BDE9111A63600000C55568 /* yshell.1 */ = {isa = PBXFileReference; lastKnownFileType = text.man; path = yshell.1; sourceTree = "<group>"; };
		19BDE91B1A6361C600C55568 /* commands.cpp */ = {isa = PBXFileReference; fileEncoding = 4; lastKnownFileType = sourcecode.cpp.cpp; path = commands.cpp; sourceTree = "<group>"; };
		19BDE91C1A6361C600C55568 /* yshell.cpp */ = {isa = PBXFileReference; fileEncoding = 4; lastKnownFileType = sourcecode.cpp.cpp; path = yshell.cpp; sourceTree = "<group>"; };
		19BDE91D1A6361C600C55568 /* commands.h */ = {isa = PBXFileReference; fileEncoding = 4; lastKnownFileType = sourcecode.c.h; path = commands.h; sourceTree = "<group>"; };
		19BDE91E1A6361C600C55568 /* inode.cpp */ = {isa = PBXFileReference; fileEncoding = 4; lastKnownFileType = sourcecode.cpp.cpp; path = inode.cpp; sourceTree = "<group>"; };
		19BDE91F1A6361C600C55568 /* inode.h */ = {isa = PBXFileReference; fileEncoding = 4; lastKnownFileType = sourcecode.c.h; path = inode.h; sourceTree = "<group>"; };
		19BDE9201A6361C600C55568 /* trace.cpp */ = {isa = PBXFileReference; fileEncoding = 4; lastKnownFileType = sourcecode.cpp.cpp; path = trace.cpp; sourceTree = "<group>"; };
		19BDE9211A6361C600C55568 /* trace.h */ = {isa = PBXFileReference; fileEncoding = 4; lastKnownFileType = sourcecode.c.h; path = trace.h; sourceTree = "<group>"; };
		19BDE9221A6361C600C55568 /* util.cpp */ = {isa = PBXFileReference; fileEncoding = 4; lastKnownFileType = sourcecode.cpp.cpp; path = util.cpp; sourceTree = "<group>"; };
		19BDE9231A6361C600C55568 /* util.h */ = {isa = PBXFileReference; fileEncoding = 4; lastKnownFileType = sourcecode.c.h; path = util.h; sourceTree = "<group>"; };
/* End PBXFileReference section */

/* Begin PBXFrameworksBuildPhase section */
		19BDE9091A63600000C55568 /* Frameworks */ = {
			isa = PBXFrameworksBuildPhase;
			buildActionMask = 2147483647;
			files = (
			);
			runOnlyForDeploymentPostprocessing = 0;
		};
/* End PBXFrameworksBuildPhase section */

/* Begin PBXGroup section */
		19BDE9031A63600000C55568 = {
			isa = PBXGroup;
			children = (
				19BDE90E1A63600000C55568 /* yshell */,
				19BDE90D1A63600000C55568 /* Products */,
			);
			sourceTree = "<group>";
		};
		19BDE90D1A63600000C55568 /* Products */ = {
			isa = PBXGroup;
			children = (
				19BDE90C1A63600000C55568 /* yshell */,
			);
			name = Products;
			sourceTree = "<group>";
		};
		19BDE90E1A63600000C55568 /* yshell */ = {
			isa = PBXGroup;
			children = (
				19BDE91B1A6361C600C55568 /* commands.cpp */,
				19BDE91C1A6361C600C55568 /* yshell.cpp */,
				19BDE91D1A6361C600C55568 /* commands.h */,
				19BDE91E1A6361C600C55568 /* inode.cpp */,
				19BDE91F1A6361C600C55568 /* inode.h */,
				19BDE9201A6361C600C55568 /* trace.cpp */,
				19BDE9211A6361C600C55568 /* trace.h */,
				19BDE9221A6361C600C55568 /* util.cpp */,
				19BDE9231A6361C600C55568 /* util.h */,
				19BDE9111A63600000C55568 /* yshell.1 */,
			);
			path = yshell;
			sourceTree = "<group>";
		};
/* End PBXGroup section */

/* Begin PBXNativeTarget section */
		19BDE90B1A63600000C55568 /* yshell */ = {
			isa = PBXNativeTarget;
			buildConfigurationList = 19BDE9151A63600000C55568 /* Build configuration list for PBXNativeTarget "yshell" */;
			buildPhases = (
				19BDE9081A63600000C55568 /* Sources */,
				19BDE9091A63600000C55568 /* Frameworks */,
				19BDE90A1A63600000C55568 /* CopyFiles */,
			);
			buildRules = (
			);
			dependencies = (
			);
			name = yshell;
			productName = yshell;
			productReference = 19BDE90C1A63600000C55568 /* yshell */;
			productType = "com.apple.product-type.tool";
		};
/* End PBXNativeTarget section */

/* Begin PBXProject section */
		19BDE9041A63600000C55568 /* Project object */ = {
			isa = PBXProject;
			attributes = {
				LastUpgradeCheck = 0510;
				ORGANIZATIONNAME = TCB;
			};
			buildConfigurationList = 19BDE9071A63600000C55568 /* Build configuration list for PBXProject "yshell" */;
			compatibilityVersion = "Xcode 3.2";
			developmentRegion = English;
			hasScannedForEncodings = 0;
			knownRegions = (
				en,
			);
			mainGroup = 19BDE9031A63600000C55568;
			productRefGroup = 19BDE90D1A63600000C55568 /* Products */;
			projectDirPath = "";
			projectRoot = "";
			targets = (
				19BDE90B1A63600000C55568 /* yshell */,
			);
		};
/* End PBXProject section */

/* Begin PBXSourcesBuildPhase section */
		19BDE9081A63600000C55568 /* Sources */ = {
			isa = PBXSourcesBuildPhase;
			buildActionMask = 2147483647;
			files = (
				19BDE9251A6361C600C55568 /* yshell.cpp in Sources */,
				19BDE9271A6361C600C55568 /* trace.cpp in Sources */,
				19BDE9241A6361C600C55568 /* commands.cpp in Sources */,
				19BDE9281A6361C600C55568 /* util.cpp in Sources */,
				19BDE9261A6361C600C55568 /* inode.cpp in Sources */,
			);
			runOnlyForDeploymentPostprocessing = 0;
		};
/* End PBXSourcesBuildPhase section */

/* Begin XCBuildConfiguration section */
		19BDE9131A63600000C55568 /* Debug */ = {
			isa = XCBuildConfiguration;
			buildSettings = {
				ALWAYS_SEARCH_USER_PATHS = NO;
				CLANG_CXX_LANGUAGE_STANDARD = "gnu++0x";
				CLANG_CXX_LIBRARY = "libc++";
				CLANG_ENABLE_MODULES = YES;
				CLANG_ENABLE_OBJC_ARC = YES;
				CLANG_WARN_BOOL_CONVERSION = YES;
				CLANG_WARN_CONSTANT_CONVERSION = YES;
				CLANG_WARN_DIRECT_OBJC_ISA_USAGE = YES_ERROR;
				CLANG_WARN_EMPTY_BODY = YES;
				CLANG_WARN_ENUM_CONVERSION = YES;
				CLANG_WARN_INT_CONVERSION = YES;
				CLANG_WARN_OBJC_ROOT_CLASS = YES_ERROR;
				CLANG_WARN__DUPLICATE_METHOD_MATCH = YES;
				COPY_PHASE_STRIP = NO;
				GCC_C_LANGUAGE_STANDARD = gnu99;
				GCC_DYNAMIC_NO_PIC = NO;
				GCC_ENABLE_OBJC_EXCEPTIONS = YES;
				GCC_OPTIMIZATION_LEVEL = 0;
				GCC_PREPROCESSOR_DEFINITIONS = (
					"DEBUG=1",
					"$(inherited)",
				);
				GCC_SYMBOLS_PRIVATE_EXTERN = NO;
				GCC_WARN_64_TO_32_BIT_CONVERSION = YES;
				GCC_WARN_ABOUT_RETURN_TYPE = YES_ERROR;
				GCC_WARN_UNDECLARED_SELECTOR = YES;
				GCC_WARN_UNINITIALIZED_AUTOS = YES_AGGRESSIVE;
				GCC_WARN_UNUSED_FUNCTION = YES;
				GCC_WARN_UNUSED_VARIABLE = YES;
				MACOSX_DEPLOYMENT_TARGET = 10.10;
				ONLY_ACTIVE_ARCH = YES;
				SDKROOT = macosx;
			};
			name = Debug;
		};
		19BDE9141A63600000C55568 /* Release */ = {
			isa = XCBuildConfiguration;
			buildSettings = {
				ALWAYS_SEARCH_USER_PATHS = NO;
				CLANG_CXX_LANGUAGE_STANDARD = "gnu++0x";
				CLANG_CXX_LIBRARY = "libc++";
				CLANG_ENABLE_MODULES = YES;
				CLANG_ENABLE_OBJC_ARC = YES;
				CLANG_WARN_BOOL_CONVERSION = YES;
				CLANG_WARN_CONSTANT_CONVERSION = YES;
				CLANG_WARN_DIRECT_OBJC_ISA_USAGE = YES_ERROR;
				CLANG_WARN_EMPTY_BODY = YES;
				CLANG_WARN_ENUM_CONVERSION = YES;
				CLANG_WARN_INT_CONVERSION = YES;
				CLANG_WARN_OBJC_ROOT_CLASS = YES_ERROR;
				CLANG_WARN__DUPLICATE_METHOD_MATCH = YES;
				COPY_PHASE_STRIP = YES;
				DEBUG_INFORMATION_FORMAT = "dwarf-with-dsym";
				ENABLE_NS_ASSERTIONS = NO;
				GCC_C_LANGUAGE_STANDARD = gnu99;
				GCC_ENABLE_OBJC_EXCEPTIONS = YES;
				GCC_WARN_64_TO_32_BIT_CONVERSION = YES;
				GCC_WARN_ABOUT_RETURN_TYPE = YES_ERROR;
				GCC_WARN_UNDECLARED_SELECTOR = YES;
				GCC_WARN_UNINITIALIZED_AUTOS = YES_AGGRESSIVE;
				GCC_WARN_UNUSED_FUNCTION = YES;
				GCC_WARN_UNUSED_VARIABLE = YES;
				MACOSX_DEPLOYMENT_TARGET = 10.10;
				SDKROOT = macosx;
			};
			name = Release;
		};
		19BDE9161A63600000C55568 /* Debug */ = {
			isa = XCBuildConfiguration;
			buildSettings = {
				MACOSX_DEPLOYMENT_TARGET = "";
				PRODUCT_NAME = "$(TARGET_NAME)";
			};
			name = Debug;
		};
		19BDE9171A63600000C55568 /* Release */ = {
			isa = XCBuildConfiguration;
			buildSettings = {
				MACOSX_DEPLOYMENT_TARGET = "";
				PRODUCT_NAME = "$(TARGET_NAME)";
			};
			name = Release;
		};
/* End XCBuildConfiguration section */

/* Begin XCConfigurationList section */
		19BDE9071A63600000C55568 /* Build configuration list for PBXProject "yshell" */ = {
			isa = XCConfigurationList;
			buildConfigurations = (
				19BDE9131A63600000C55568 /* Debug */,
				19BDE9141A63600000C55568 /* Release */,
			);
			defaultConfigurationIsVisible = 0;
			defaultConfigurationName = Release;
		};
		19BDE9151A63600000C55568 /* Build configuration list for PBXNativeTarget "yshell" */ = {
			isa = XCConfigurationList;
			buildConfigurations = (
				19BDE9161A63600000C55568 /* Debug */,
				19BDE9171A63600000C55568 /* Release */,
			);
			defaultConfigurationIsVisible = 0;
			defaultConfigurationName = Release;
		};
/* End XCConfigurationList section */
	};
	rootObject = 19BDE9041A63600000C55568 /* Project object */;
}
